
Microsoft Visual Studio Solution File, Format Version 12.00
# Visual Studio 15
VisualStudioVersion = 15.0.27130.2020
MinimumVisualStudioVersion = 10.0.40219.1
Project("{FAE04EC0-301F-11D3-BF4B-00C04F79EFBC}") = "RawQueryApp", "RawQueryApp\RawQueryApp.csproj", "{FF26E511-9EA4-49DE-A98B-39131C5BECA5}"
EndProject
Global
	GlobalSection(SolutionConfigurationPlatforms) = preSolution
		Debug|Any CPU = Debug|Any CPU
		Release|Any CPU = Release|Any CPU
	EndGlobalSection
	GlobalSection(ProjectConfigurationPlatforms) = postSolution
		{FF26E511-9EA4-49DE-A98B-39131C5BECA5}.Debug|Any CPU.ActiveCfg = Debug|Any CPU
		{FF26E511-9EA4-49DE-A98B-39131C5BECA5}.Debug|Any CPU.Build.0 = Debug|Any CPU
		{FF26E511-9EA4-49DE-A98B-39131C5BECA5}.Release|Any CPU.ActiveCfg = Release|Any CPU
		{FF26E511-9EA4-49DE-A98B-39131C5BECA5}.Release|Any CPU.Build.0 = Release|Any CPU
	EndGlobalSection
	GlobalSection(SolutionProperties) = preSolution
		HideSolutionNode = FALSE
	EndGlobalSection
	GlobalSection(ExtensibilityGlobals) = postSolution
		SolutionGuid = {3F7A1DB4-5063-4036-B207-C01A04D09D03}
	EndGlobalSection
EndGlobal
